// !$*UTF8*$!
{
	archiveVersion = 1;
	classes = {
	};
	objectVersion = 46;
	objects = {

/* Begin PBXBuildFile section */
		57AF05DC1A8105AE00694A86 /* AppDelegate.swift in Sources */ = {isa = PBXBuildFile; fileRef = 57AF05DB1A8105AE00694A86 /* AppDelegate.swift */; };
		57AF05DE1A8105AE00694A86 /* ViewController.swift in Sources */ = {isa = PBXBuildFile; fileRef = 57AF05DD1A8105AE00694A86 /* ViewController.swift */; };
		57AF05E11A8105AE00694A86 /* Main.storyboard in Resources */ = {isa = PBXBuildFile; fileRef = 57AF05DF1A8105AE00694A86 /* Main.storyboard */; };
		57AF05E31A8105AE00694A86 /* Images.xcassets in Resources */ = {isa = PBXBuildFile; fileRef = 57AF05E21A8105AE00694A86 /* Images.xcassets */; };
		57AF05E61A8105AE00694A86 /* LaunchScreen.xib in Resources */ = {isa = PBXBuildFile; fileRef = 57AF05E41A8105AE00694A86 /* LaunchScreen.xib */; };
		57AF05F21A8105AE00694A86 /* AppiumATMTests.swift in Sources */ = {isa = PBXBuildFile; fileRef = 57AF05F11A8105AE00694A86 /* AppiumATMTests.swift */; };
		57AF05FD1A811F0100694A86 /* logo2.png in Resources */ = {isa = PBXBuildFile; fileRef = 57AF05FC1A811F0100694A86 /* logo2.png */; };
/* End PBXBuildFile section */

/* Begin PBXContainerItemProxy section */
		57AF05EC1A8105AE00694A86 /* PBXContainerItemProxy */ = {
			isa = PBXContainerItemProxy;
			containerPortal = 57AF05CE1A8105AE00694A86 /* Project object */;
			proxyType = 1;
			remoteGlobalIDString = 57AF05D51A8105AE00694A86;
			remoteInfo = AppiumATM;
		};
/* End PBXContainerItemProxy section */

/* Begin PBXFileReference section */
		57AF05D61A8105AE00694A86 /* AppiumATM.app */ = {isa = PBXFileReference; explicitFileType = wrapper.application; includeInIndex = 0; path = AppiumATM.app; sourceTree = BUILT_PRODUCTS_DIR; };
		57AF05DA1A8105AE00694A86 /* Info.plist */ = {isa = PBXFileReference; lastKnownFileType = text.plist.xml; path = Info.plist; sourceTree = "<group>"; };
		57AF05DB1A8105AE00694A86 /* AppDelegate.swift */ = {isa = PBXFileReference; lastKnownFileType = sourcecode.swift; path = AppDelegate.swift; sourceTree = "<group>"; };
		57AF05DD1A8105AE00694A86 /* ViewController.swift */ = {isa = PBXFileReference; lastKnownFileType = sourcecode.swift; path = ViewController.swift; sourceTree = "<group>"; };
		57AF05E01A8105AE00694A86 /* Base */ = {isa = PBXFileReference; lastKnownFileType = file.storyboard; name = Base; path = Base.lproj/Main.storyboard; sourceTree = "<group>"; };
		57AF05E21A8105AE00694A86 /* Images.xcassets */ = {isa = PBXFileReference; lastKnownFileType = folder.assetcatalog; path = Images.xcassets; sourceTree = "<group>"; };
		57AF05E51A8105AE00694A86 /* Base */ = {isa = PBXFileReference; lastKnownFileType = file.xib; name = Base; path = Base.lproj/LaunchScreen.xib; sourceTree = "<group>"; };
		57AF05EB1A8105AE00694A86 /* AppiumATMTests.xctest */ = {isa = PBXFileReference; explicitFileType = wrapper.cfbundle; includeInIndex = 0; path = AppiumATMTests.xctest; sourceTree = BUILT_PRODUCTS_DIR; };
		57AF05F01A8105AE00694A86 /* Info.plist */ = {isa = PBXFileReference; lastKnownFileType = text.plist.xml; path = Info.plist; sourceTree = "<group>"; };
		57AF05F11A8105AE00694A86 /* AppiumATMTests.swift */ = {isa = PBXFileReference; lastKnownFileType = sourcecode.swift; path = AppiumATMTests.swift; sourceTree = "<group>"; };
		57AF05FC1A811F0100694A86 /* logo2.png */ = {isa = PBXFileReference; lastKnownFileType = image.png; path = logo2.png; sourceTree = "<group>"; };
/* End PBXFileReference section */

/* Begin PBXFrameworksBuildPhase section */
		57AF05D31A8105AE00694A86 /* Frameworks */ = {
			isa = PBXFrameworksBuildPhase;
			buildActionMask = 2147483647;
			files = (
			);
			runOnlyForDeploymentPostprocessing = 0;
		};
		57AF05E81A8105AE00694A86 /* Frameworks */ = {
			isa = PBXFrameworksBuildPhase;
			buildActionMask = 2147483647;
			files = (
			);
			runOnlyForDeploymentPostprocessing = 0;
		};
/* End PBXFrameworksBuildPhase section */

/* Begin PBXGroup section */
		57AF05CD1A8105AE00694A86 = {
			isa = PBXGroup;
			children = (
				57AF05D81A8105AE00694A86 /* AppiumATM */,
				57AF05EE1A8105AE00694A86 /* AppiumATMTests */,
				57AF05D71A8105AE00694A86 /* Products */,
			);
			sourceTree = "<group>";
		};
		57AF05D71A8105AE00694A86 /* Products */ = {
			isa = PBXGroup;
			children = (
				57AF05D61A8105AE00694A86 /* AppiumATM.app */,
				57AF05EB1A8105AE00694A86 /* AppiumATMTests.xctest */,
			);
			name = Products;
			sourceTree = "<group>";
		};
		57AF05D81A8105AE00694A86 /* AppiumATM */ = {
			isa = PBXGroup;
			children = (
				57AF05FB1A811F0100694A86 /* Assets */,
				57AF05DB1A8105AE00694A86 /* AppDelegate.swift */,
				57AF05DD1A8105AE00694A86 /* ViewController.swift */,
				57AF05DF1A8105AE00694A86 /* Main.storyboard */,
				57AF05E21A8105AE00694A86 /* Images.xcassets */,
				57AF05E41A8105AE00694A86 /* LaunchScreen.xib */,
				57AF05D91A8105AE00694A86 /* Supporting Files */,
			);
			path = AppiumATM;
			sourceTree = "<group>";
		};
		57AF05D91A8105AE00694A86 /* Supporting Files */ = {
			isa = PBXGroup;
			children = (
				57AF05DA1A8105AE00694A86 /* Info.plist */,
			);
			name = "Supporting Files";
			sourceTree = "<group>";
		};
		57AF05EE1A8105AE00694A86 /* AppiumATMTests */ = {
			isa = PBXGroup;
			children = (
				57AF05F11A8105AE00694A86 /* AppiumATMTests.swift */,
				57AF05EF1A8105AE00694A86 /* Supporting Files */,
			);
			path = AppiumATMTests;
			sourceTree = "<group>";
		};
		57AF05EF1A8105AE00694A86 /* Supporting Files */ = {
			isa = PBXGroup;
			children = (
				57AF05F01A8105AE00694A86 /* Info.plist */,
			);
			name = "Supporting Files";
			sourceTree = "<group>";
		};
		57AF05FB1A811F0100694A86 /* Assets */ = {
			isa = PBXGroup;
			children = (
				57AF05FC1A811F0100694A86 /* logo2.png */,
			);
			path = Assets;
			sourceTree = "<group>";
		};
/* End PBXGroup section */

/* Begin PBXNativeTarget section */
		57AF05D51A8105AE00694A86 /* AppiumATM */ = {
			isa = PBXNativeTarget;
			buildConfigurationList = 57AF05F51A8105AE00694A86 /* Build configuration list for PBXNativeTarget "AppiumATM" */;
			buildPhases = (
				57AF05D21A8105AE00694A86 /* Sources */,
				57AF05D31A8105AE00694A86 /* Frameworks */,
				57AF05D41A8105AE00694A86 /* Resources */,
			);
			buildRules = (
			);
			dependencies = (
			);
			name = AppiumATM;
			productName = AppiumATM;
			productReference = 57AF05D61A8105AE00694A86 /* AppiumATM.app */;
			productType = "com.apple.product-type.application";
		};
		57AF05EA1A8105AE00694A86 /* AppiumATMTests */ = {
			isa = PBXNativeTarget;
			buildConfigurationList = 57AF05F81A8105AE00694A86 /* Build configuration list for PBXNativeTarget "AppiumATMTests" */;
			buildPhases = (
				57AF05E71A8105AE00694A86 /* Sources */,
				57AF05E81A8105AE00694A86 /* Frameworks */,
				57AF05E91A8105AE00694A86 /* Resources */,
			);
			buildRules = (
			);
			dependencies = (
				57AF05ED1A8105AE00694A86 /* PBXTargetDependency */,
			);
			name = AppiumATMTests;
			productName = AppiumATMTests;
			productReference = 57AF05EB1A8105AE00694A86 /* AppiumATMTests.xctest */;
			productType = "com.apple.product-type.bundle.unit-test";
		};
/* End PBXNativeTarget section */

/* Begin PBXProject section */
		57AF05CE1A8105AE00694A86 /* Project object */ = {
			isa = PBXProject;
			attributes = {
				LastUpgradeCheck = 0610;
				ORGANIZATIONNAME = "EastBanc Technologies";
				TargetAttributes = {
					57AF05D51A8105AE00694A86 = {
						CreatedOnToolsVersion = 6.1.1;
					};
					57AF05EA1A8105AE00694A86 = {
						CreatedOnToolsVersion = 6.1.1;
						TestTargetID = 57AF05D51A8105AE00694A86;
					};
				};
			};
			buildConfigurationList = 57AF05D11A8105AE00694A86 /* Build configuration list for PBXProject "AppiumATM" */;
			compatibilityVersion = "Xcode 3.2";
			developmentRegion = English;
			hasScannedForEncodings = 0;
			knownRegions = (
				en,
				Base,
			);
			mainGroup = 57AF05CD1A8105AE00694A86;
			productRefGroup = 57AF05D71A8105AE00694A86 /* Products */;
			projectDirPath = "";
			projectRoot = "";
			targets = (
				57AF05D51A8105AE00694A86 /* AppiumATM */,
				57AF05EA1A8105AE00694A86 /* AppiumATMTests */,
			);
		};
/* End PBXProject section */

/* Begin PBXResourcesBuildPhase section */
		57AF05D41A8105AE00694A86 /* Resources */ = {
			isa = PBXResourcesBuildPhase;
			buildActionMask = 2147483647;
			files = (
				57AF05E11A8105AE00694A86 /* Main.storyboard in Resources */,
				57AF05E61A8105AE00694A86 /* LaunchScreen.xib in Resources */,
				57AF05E31A8105AE00694A86 /* Images.xcassets in Resources */,
				57AF05FD1A811F0100694A86 /* logo2.png in Resources */,
			);
			runOnlyForDeploymentPostprocessing = 0;
		};
		57AF05E91A8105AE00694A86 /* Resources */ = {
			isa = PBXResourcesBuildPhase;
			buildActionMask = 2147483647;
			files = (
			);
			runOnlyForDeploymentPostprocessing = 0;
		};
/* End PBXResourcesBuildPhase section */

/* Begin PBXSourcesBuildPhase section */
		57AF05D21A8105AE00694A86 /* Sources */ = {
			isa = PBXSourcesBuildPhase;
			buildActionMask = 2147483647;
			files = (
				57AF05DE1A8105AE00694A86 /* ViewController.swift in Sources */,
				57AF05DC1A8105AE00694A86 /* AppDelegate.swift in Sources */,
			);
			runOnlyForDeploymentPostprocessing = 0;
		};
		57AF05E71A8105AE00694A86 /* Sources */ = {
			isa = PBXSourcesBuildPhase;
			buildActionMask = 2147483647;
			files = (
				57AF05F21A8105AE00694A86 /* AppiumATMTests.swift in Sources */,
			);
			runOnlyForDeploymentPostprocessing = 0;
		};
/* End PBXSourcesBuildPhase section */

/* Begin PBXTargetDependency section */
		57AF05ED1A8105AE00694A86 /* PBXTargetDependency */ = {
			isa = PBXTargetDependency;
			target = 57AF05D51A8105AE00694A86 /* AppiumATM */;
			targetProxy = 57AF05EC1A8105AE00694A86 /* PBXContainerItemProxy */;
		};
/* End PBXTargetDependency section */

/* Begin PBXVariantGroup section */
		57AF05DF1A8105AE00694A86 /* Main.storyboard */ = {
			isa = PBXVariantGroup;
			children = (
				57AF05E01A8105AE00694A86 /* Base */,
			);
			name = Main.storyboard;
			sourceTree = "<group>";
		};
		57AF05E41A8105AE00694A86 /* LaunchScreen.xib */ = {
			isa = PBXVariantGroup;
			children = (
				57AF05E51A8105AE00694A86 /* Base */,
			);
			name = LaunchScreen.xib;
			sourceTree = "<group>";
		};
/* End PBXVariantGroup section */

/* Begin XCBuildConfiguration section */
		57AF05F31A8105AE00694A86 /* Debug */ = {
			isa = XCBuildConfiguration;
			buildSettings = {
				ALWAYS_SEARCH_USER_PATHS = NO;
				CLANG_CXX_LANGUAGE_STANDARD = "gnu++0x";
				CLANG_CXX_LIBRARY = "libc++";
				CLANG_ENABLE_MODULES = YES;
				CLANG_ENABLE_OBJC_ARC = YES;
				CLANG_WARN_BOOL_CONVERSION = YES;
				CLANG_WARN_CONSTANT_CONVERSION = YES;
				CLANG_WARN_DIRECT_OBJC_ISA_USAGE = YES_ERROR;
				CLANG_WARN_EMPTY_BODY = YES;
				CLANG_WARN_ENUM_CONVERSION = YES;
				CLANG_WARN_INT_CONVERSION = YES;
				CLANG_WARN_OBJC_ROOT_CLASS = YES_ERROR;
				CLANG_WARN_UNREACHABLE_CODE = YES;
				CLANG_WARN__DUPLICATE_METHOD_MATCH = YES;
				"CODE_SIGN_IDENTITY[sdk=iphoneos*]" = "iPhone Developer";
				COPY_PHASE_STRIP = NO;
				ENABLE_STRICT_OBJC_MSGSEND = YES;
				GCC_C_LANGUAGE_STANDARD = gnu99;
				GCC_DYNAMIC_NO_PIC = NO;
				GCC_OPTIMIZATION_LEVEL = 0;
				GCC_PREPROCESSOR_DEFINITIONS = (
					"DEBUG=1",
					"$(inherited)",
				);
				GCC_SYMBOLS_PRIVATE_EXTERN = NO;
				GCC_WARN_64_TO_32_BIT_CONVERSION = YES;
				GCC_WARN_ABOUT_RETURN_TYPE = YES_ERROR;
				GCC_WARN_UNDECLARED_SELECTOR = YES;
				GCC_WARN_UNINITIALIZED_AUTOS = YES_AGGRESSIVE;
				GCC_WARN_UNUSED_FUNCTION = YES;
				GCC_WARN_UNUSED_VARIABLE = YES;
				IPHONEOS_DEPLOYMENT_TARGET = 8.1;
				MTL_ENABLE_DEBUG_INFO = YES;
				ONLY_ACTIVE_ARCH = YES;
				SDKROOT = iphoneos;
				SWIFT_OPTIMIZATION_LEVEL = "-Onone";
			};
			name = Debug;
		};
		57AF05F41A8105AE00694A86 /* Release */ = {
			isa = XCBuildConfiguration;
			buildSettings = {
				ALWAYS_SEARCH_USER_PATHS = NO;
				CLANG_CXX_LANGUAGE_STANDARD = "gnu++0x";
				CLANG_CXX_LIBRARY = "libc++";
				CLANG_ENABLE_MODULES = YES;
				CLANG_ENABLE_OBJC_ARC = YES;
				CLANG_WARN_BOOL_CONVERSION = YES;
				CLANG_WARN_CONSTANT_CONVERSION = YES;
				CLANG_WARN_DIRECT_OBJC_ISA_USAGE = YES_ERROR;
				CLANG_WARN_EMPTY_BODY = YES;
				CLANG_WARN_ENUM_CONVERSION = YES;
				CLANG_WARN_INT_CONVERSION = YES;
				CLANG_WARN_OBJC_ROOT_CLASS = YES_ERROR;
				CLANG_WARN_UNREACHABLE_CODE = YES;
				CLANG_WARN__DUPLICATE_METHOD_MATCH = YES;
				"CODE_SIGN_IDENTITY[sdk=iphoneos*]" = "iPhone Developer";
				COPY_PHASE_STRIP = YES;
				ENABLE_NS_ASSERTIONS = NO;
				ENABLE_STRICT_OBJC_MSGSEND = YES;
				GCC_C_LANGUAGE_STANDARD = gnu99;
				GCC_WARN_64_TO_32_BIT_CONVERSION = YES;
				GCC_WARN_ABOUT_RETURN_TYPE = YES_ERROR;
				GCC_WARN_UNDECLARED_SELECTOR = YES;
				GCC_WARN_UNINITIALIZED_AUTOS = YES_AGGRESSIVE;
				GCC_WARN_UNUSED_FUNCTION = YES;
				GCC_WARN_UNUSED_VARIABLE = YES;
				IPHONEOS_DEPLOYMENT_TARGET = 8.1;
				MTL_ENABLE_DEBUG_INFO = NO;
				SDKROOT = iphoneos;
				VALIDATE_PRODUCT = YES;
			};
			name = Release;
		};
		57AF05F61A8105AE00694A86 /* Debug */ = {
			isa = XCBuildConfiguration;
			buildSettings = {
				ASSETCATALOG_COMPILER_APPICON_NAME = AppIcon;
				INFOPLIST_FILE = AppiumATM/Info.plist;
				LD_RUNPATH_SEARCH_PATHS = "$(inherited) @executable_path/Frameworks";
				PRODUCT_NAME = "$(TARGET_NAME)";
			};
			name = Debug;
		};
		57AF05F71A8105AE00694A86 /* Release */ = {
			isa = XCBuildConfiguration;
			buildSettings = {
				ASSETCATALOG_COMPILER_APPICON_NAME = AppIcon;
				INFOPLIST_FILE = AppiumATM/Info.plist;
				LD_RUNPATH_SEARCH_PATHS = "$(inherited) @executable_path/Frameworks";
				PRODUCT_NAME = "$(TARGET_NAME)";
			};
			name = Release;
		};
		57AF05F91A8105AE00694A86 /* Debug */ = {
			isa = XCBuildConfiguration;
			buildSettings = {
				BUNDLE_LOADER = "$(TEST_HOST)";
				FRAMEWORK_SEARCH_PATHS = (
					"$(SDKROOT)/Developer/Library/Frameworks",
					"$(inherited)",
				);
				GCC_PREPROCESSOR_DEFINITIONS = (
					"DEBUG=1",
					"$(inherited)",
				);
				INFOPLIST_FILE = AppiumATMTests/Info.plist;
				LD_RUNPATH_SEARCH_PATHS = "$(inherited) @executable_path/Frameworks @loader_path/Frameworks";
				PRODUCT_NAME = "$(TARGET_NAME)";
				TEST_HOST = "$(BUILT_PRODUCTS_DIR)/AppiumATM.app/AppiumATM";
			};
			name = Debug;
		};
		57AF05FA1A8105AE00694A86 /* Release */ = {
			isa = XCBuildConfiguration;
			buildSettings = {
				BUNDLE_LOADER = "$(TEST_HOST)";
				FRAMEWORK_SEARCH_PATHS = (
					"$(SDKROOT)/Developer/Library/Frameworks",
					"$(inherited)",
				);
				INFOPLIST_FILE = AppiumATMTests/Info.plist;
				LD_RUNPATH_SEARCH_PATHS = "$(inherited) @executable_path/Frameworks @loader_path/Frameworks";
				PRODUCT_NAME = "$(TARGET_NAME)";
				TEST_HOST = "$(BUILT_PRODUCTS_DIR)/AppiumATM.app/AppiumATM";
			};
			name = Release;
		};
/* End XCBuildConfiguration section */

/* Begin XCConfigurationList section */
		57AF05D11A8105AE00694A86 /* Build configuration list for PBXProject "AppiumATM" */ = {
			isa = XCConfigurationList;
			buildConfigurations = (
				57AF05F31A8105AE00694A86 /* Debug */,
				57AF05F41A8105AE00694A86 /* Release */,
			);
			defaultConfigurationIsVisible = 0;
			defaultConfigurationName = Release;
		};
		57AF05F51A8105AE00694A86 /* Build configuration list for PBXNativeTarget "AppiumATM" */ = {
			isa = XCConfigurationList;
			buildConfigurations = (
				57AF05F61A8105AE00694A86 /* Debug */,
				57AF05F71A8105AE00694A86 /* Release */,
			);
			defaultConfigurationIsVisible = 0;
			defaultConfigurationName = Release;
		};
		57AF05F81A8105AE00694A86 /* Build configuration list for PBXNativeTarget "AppiumATMTests" */ = {
			isa = XCConfigurationList;
			buildConfigurations = (
				57AF05F91A8105AE00694A86 /* Debug */,
				57AF05FA1A8105AE00694A86 /* Release */,
			);
			defaultConfigurationIsVisible = 0;
			defaultConfigurationName = Release;
		};
/* End XCConfigurationList section */
	};
	rootObject = 57AF05CE1A8105AE00694A86 /* Project object */;
}
